{
  "nodes": {
    "home-manager": {
      "inputs": {
        "nixpkgs": [
          "nixpkgs"
        ]
      },
      "locked": {
        "lastModified": 1727246346,
        "narHash": "sha256-TcUaKtya339Asu+g6KTJ8h7KiKcKXKp2V+At+7tksyY=",
        "owner": "nix-community",
        "repo": "home-manager",
        "rev": "1e22ef1518fb175d762006f9cae7f6312b8caedb",
        "type": "github"
      },
      "original": {
        "owner": "nix-community",
        "repo": "home-manager",
        "type": "github"
      }
    },
    "nixos-hardware": {
      "locked": {
        "lastModified": 1727040444,
        "narHash": "sha256-19FNN5QT9Z11ZUMfftRplyNN+2PgcHKb3oq8KMW/hDA=",
        "lastModified": 1727040444,
        "narHash": "sha256-19FNN5QT9Z11ZUMfftRplyNN+2PgcHKb3oq8KMW/hDA=",
        "owner": "nixos",
        "repo": "nixos-hardware",
        "rev": "d0cb432a9d28218df11cbd77d984a2a46caeb5ac",
        "rev": "d0cb432a9d28218df11cbd77d984a2a46caeb5ac",
        "type": "github"
      },
      "original": {
        "owner": "nixos",
        "ref": "master",
        "repo": "nixos-hardware",
        "type": "github"
      }
    },
    "nixpkgs": {
      "locked": {
        "lastModified": 1726937504,
        "narHash": "sha256-bvGoiQBvponpZh8ClUcmJ6QnsNKw0EMrCQJARK3bI1c=",
        "owner": "nixos",
        "repo": "nixpkgs",
        "rev": "9357f4f23713673f310988025d9dc261c20e70c6",
        "type": "github"
      },
      "original": {
        "owner": "nixos",
        "ref": "nixos-unstable",
        "repo": "nixpkgs",
        "type": "github"
      }
    },
    "nixpkgs-unstable": {
      "locked": {
        "lastModified": 1727278276,
        "narHash": "sha256-G89VIJCi7af1Tqn+knFo1Yy/uRKjNTYoE1xN83Twqn0=",
        "owner": "nixos",
        "repo": "nixpkgs",
        "rev": "ed3371c607057a1fa61fd4f3ab71e9e355f296d1",
        "type": "github"
      },
      "original": {
        "owner": "nixos",
        "ref": "nixos-unstable-small",
        "repo": "nixpkgs",
        "type": "github"
      }
    },
    "nixpkgs_2": {
      "locked": {
        "lastModified": 1729070438,
        "narHash": "sha256-KOTTUfPkugH52avUvXGxvWy8ibKKj4genodIYUED+Kc=",
        "owner": "nixos",
        "repo": "nixpkgs",
        "rev": "5785b6bb5eaae44e627d541023034e1601455827",
        "type": "github"
      },
      "original": {
        "owner": "nixos",
        "ref": "nixos-unstable",
        "repo": "nixpkgs",
        "type": "github"
      }
    },
    "root": {
      "inputs": {
        "home-manager": "home-manager",
        "nixos-hardware": "nixos-hardware",
        "nixpkgs": "nixpkgs",
        "nixpkgs-unstable": "nixpkgs-unstable",
        "zen-browser": "zen-browser"
      }
    },
    "zen-browser": {
      "inputs": {
        "nixpkgs": "nixpkgs_2"
      },
      "locked": {
        "lastModified": 1729326137,
        "narHash": "sha256-NUmoBu4JbKodjmHFifTRJ/7bJ+MLEZJpxaEyJH/Hy/U=",
        "owner": "0xc000022070",
        "repo": "zen-browser-flake",
        "rev": "18052b99e5d26a898c19a5795045bc6a9e0f5415",
        "type": "github"
      },
      "original": {
        "owner": "0xc000022070",
        "repo": "zen-browser-flake",
        "type": "github"
      }
    }
  },
  "root": "root",
  "version": 7
}
